
Microsoft Visual Studio Solution File, Format Version 12.00
# Visual Studio 15
VisualStudioVersion = 15.0.27703.2035
MinimumVisualStudioVersion = 10.0.40219.1
Project("{FAE04EC0-301F-11D3-BF4B-00C04F79EFBC}") = "LinkClicker", "LinkClicker\LinkClicker.csproj", "{3ACAD26E-5C6C-4FD5-9502-E0A10F184356}"
EndProject
Global
	GlobalSection(SolutionConfigurationPlatforms) = preSolution
		Debug|Any CPU = Debug|Any CPU
		Release|Any CPU = Release|Any CPU
	EndGlobalSection
	GlobalSection(ProjectConfigurationPlatforms) = postSolution
		{3ACAD26E-5C6C-4FD5-9502-E0A10F184356}.Debug|Any CPU.ActiveCfg = Debug|Any CPU
		{3ACAD26E-5C6C-4FD5-9502-E0A10F184356}.Debug|Any CPU.Build.0 = Debug|Any CPU
		{3ACAD26E-5C6C-4FD5-9502-E0A10F184356}.Release|Any CPU.ActiveCfg = Release|Any CPU
		{3ACAD26E-5C6C-4FD5-9502-E0A10F184356}.Release|Any CPU.Build.0 = Release|Any CPU
	EndGlobalSection
	GlobalSection(SolutionProperties) = preSolution
		HideSolutionNode = FALSE
	EndGlobalSection
	GlobalSection(ExtensibilityGlobals) = postSolution
		SolutionGuid = {86C9D345-CA49-4A78-AD97-686ADFE1D2D7}
	EndGlobalSection
EndGlobal
